
Microsoft Visual Studio Solution File, Format Version 12.00
# Visual Studio Version 17
VisualStudioVersion = 17.8.34330.188
MinimumVisualStudioVersion = 10.0.40219.1
Project("{FAE04EC0-301F-11D3-BF4B-00C04F79EFBC}") = "Atividade17", "Atividade17\Atividade17.csproj", "{BAA46391-718A-4FCA-93C9-549DFED08746}"
EndProject
Global
	GlobalSection(SolutionConfigurationPlatforms) = preSolution
		Debug|Any CPU = Debug|Any CPU
		Release|Any CPU = Release|Any CPU
	EndGlobalSection
	GlobalSection(ProjectConfigurationPlatforms) = postSolution
		{BAA46391-718A-4FCA-93C9-549DFED08746}.Debug|Any CPU.ActiveCfg = Debug|Any CPU
		{BAA46391-718A-4FCA-93C9-549DFED08746}.Debug|Any CPU.Build.0 = Debug|Any CPU
		{BAA46391-718A-4FCA-93C9-549DFED08746}.Release|Any CPU.ActiveCfg = Release|Any CPU
		{BAA46391-718A-4FCA-93C9-549DFED08746}.Release|Any CPU.Build.0 = Release|Any CPU
	EndGlobalSection
	GlobalSection(SolutionProperties) = preSolution
		HideSolutionNode = FALSE
	EndGlobalSection
	GlobalSection(ExtensibilityGlobals) = postSolution
		SolutionGuid = {BBA50555-F0B7-4BCE-9528-8F0D414E80C9}
	EndGlobalSection
EndGlobal
