
Microsoft Visual Studio Solution File, Format Version 12.00
# Visual Studio Version 17
VisualStudioVersion = 17.8.34330.188
MinimumVisualStudioVersion = 10.0.40219.1
Project("{FAE04EC0-301F-11D3-BF4B-00C04F79EFBC}") = "Atividade16", "Atividade16\Atividade16.csproj", "{D71E67FC-CC9D-4C4F-8454-D7D6964D19FD}"
EndProject
Global
	GlobalSection(SolutionConfigurationPlatforms) = preSolution
		Debug|Any CPU = Debug|Any CPU
		Release|Any CPU = Release|Any CPU
	EndGlobalSection
	GlobalSection(ProjectConfigurationPlatforms) = postSolution
		{D71E67FC-CC9D-4C4F-8454-D7D6964D19FD}.Debug|Any CPU.ActiveCfg = Debug|Any CPU
		{D71E67FC-CC9D-4C4F-8454-D7D6964D19FD}.Debug|Any CPU.Build.0 = Debug|Any CPU
		{D71E67FC-CC9D-4C4F-8454-D7D6964D19FD}.Release|Any CPU.ActiveCfg = Release|Any CPU
		{D71E67FC-CC9D-4C4F-8454-D7D6964D19FD}.Release|Any CPU.Build.0 = Release|Any CPU
	EndGlobalSection
	GlobalSection(SolutionProperties) = preSolution
		HideSolutionNode = FALSE
	EndGlobalSection
	GlobalSection(ExtensibilityGlobals) = postSolution
		SolutionGuid = {EA1F5C5F-FAD3-442C-8730-FFF4B0D26346}
	EndGlobalSection
EndGlobal
