
Microsoft Visual Studio Solution File, Format Version 12.00
# Visual Studio Version 17
VisualStudioVersion = 17.8.34330.188
MinimumVisualStudioVersion = 10.0.40219.1
Project("{FAE04EC0-301F-11D3-BF4B-00C04F79EFBC}") = "Atividade13", "Atividade13\Atividade13.csproj", "{67B2CBD3-F8E5-41D0-8A6A-309A37656027}"
EndProject
Global
	GlobalSection(SolutionConfigurationPlatforms) = preSolution
		Debug|Any CPU = Debug|Any CPU
		Release|Any CPU = Release|Any CPU
	EndGlobalSection
	GlobalSection(ProjectConfigurationPlatforms) = postSolution
		{67B2CBD3-F8E5-41D0-8A6A-309A37656027}.Debug|Any CPU.ActiveCfg = Debug|Any CPU
		{67B2CBD3-F8E5-41D0-8A6A-309A37656027}.Debug|Any CPU.Build.0 = Debug|Any CPU
		{67B2CBD3-F8E5-41D0-8A6A-309A37656027}.Release|Any CPU.ActiveCfg = Release|Any CPU
		{67B2CBD3-F8E5-41D0-8A6A-309A37656027}.Release|Any CPU.Build.0 = Release|Any CPU
	EndGlobalSection
	GlobalSection(SolutionProperties) = preSolution
		HideSolutionNode = FALSE
	EndGlobalSection
	GlobalSection(ExtensibilityGlobals) = postSolution
		SolutionGuid = {3624BBCB-96A6-431B-970B-4BDB8E03EA05}
	EndGlobalSection
EndGlobal
